
Microsoft Visual Studio Solution File, Format Version 12.00
# Visual Studio Version 17
VisualStudioVersion = 17.14.36414.22
MinimumVisualStudioVersion = 10.0.40219.1
Project("{54A90642-561A-4BB1-A94E-469ADEE60C69}") = "BevBdayApp", "BevBdayApp\BevBdayApp.esproj", "{D70A5902-7811-E7CD-A979-720E7BA7BAE4}"
EndProject
Global
	GlobalSection(SolutionConfigurationPlatforms) = preSolution
		Debug|Any CPU = Debug|Any CPU
		Release|Any CPU = Release|Any CPU
	EndGlobalSection
	GlobalSection(ProjectConfigurationPlatforms) = postSolution
		{D70A5902-7811-E7CD-A979-720E7BA7BAE4}.Debug|Any CPU.ActiveCfg = Debug|Any CPU
		{D70A5902-7811-E7CD-A979-720E7BA7BAE4}.Debug|Any CPU.Build.0 = Debug|Any CPU
		{D70A5902-7811-E7CD-A979-720E7BA7BAE4}.Debug|Any CPU.Deploy.0 = Debug|Any CPU
		{D70A5902-7811-E7CD-A979-720E7BA7BAE4}.Release|Any CPU.ActiveCfg = Release|Any CPU
		{D70A5902-7811-E7CD-A979-720E7BA7BAE4}.Release|Any CPU.Build.0 = Release|Any CPU
		{D70A5902-7811-E7CD-A979-720E7BA7BAE4}.Release|Any CPU.Deploy.0 = Release|Any CPU
	EndGlobalSection
	GlobalSection(SolutionProperties) = preSolution
		HideSolutionNode = FALSE
	EndGlobalSection
	GlobalSection(ExtensibilityGlobals) = postSolution
		SolutionGuid = {70A700A9-C25A-4B54-9289-DE08FC3B459D}
	EndGlobalSection
EndGlobal
